
Microsoft Visual Studio Solution File, Format Version 12.00
# Visual Studio Version 17
VisualStudioVersion = 17.2.32526.322
MinimumVisualStudioVersion = 10.0.40219.1
Project("{FAE04EC0-301F-11D3-BF4B-00C04F79EFBC}") = "Calculadora", "Calculadora\Calculadora.csproj", "{EE31583A-0A6B-4059-AE64-0296D32AFAEB}"
EndProject
Global
	GlobalSection(SolutionConfigurationPlatforms) = preSolution
		Debug|Any CPU = Debug|Any CPU
		Release|Any CPU = Release|Any CPU
	EndGlobalSection
	GlobalSection(ProjectConfigurationPlatforms) = postSolution
		{EE31583A-0A6B-4059-AE64-0296D32AFAEB}.Debug|Any CPU.ActiveCfg = Debug|Any CPU
		{EE31583A-0A6B-4059-AE64-0296D32AFAEB}.Debug|Any CPU.Build.0 = Debug|Any CPU
		{EE31583A-0A6B-4059-AE64-0296D32AFAEB}.Release|Any CPU.ActiveCfg = Release|Any CPU
		{EE31583A-0A6B-4059-AE64-0296D32AFAEB}.Release|Any CPU.Build.0 = Release|Any CPU
	EndGlobalSection
	GlobalSection(SolutionProperties) = preSolution
		HideSolutionNode = FALSE
	EndGlobalSection
	GlobalSection(ExtensibilityGlobals) = postSolution
		SolutionGuid = {6D926018-0296-4B66-9008-87E479C31B57}
	EndGlobalSection
EndGlobal
